<?xml version="1.0" encoding="utf-8"?>
<Project ToolsVersion="4.0" xmlns="http://schemas.microsoft.com/developer/msbuild/2003">
  <ItemGroup>
    <Filter Include="src">
      <UniqueIdentifier>{98d62a88-5d37-4f87-910a-f6f5211b775d}</UniqueIdentifier>
    </Filter>
    <Filter Include="deps">
      <UniqueIdentifier>{fb586334-e509-4ccf-b8f6-241d509172ee}</UniqueIdentifier>
    </Filter>
    <Filter Include="deps\hiredis">
      <UniqueIdentifier>{38064402-cd93-4287-83da-e201e166a7ec}</UniqueIdentifier>
    </Filter>
    <Filter Include="deps\hiredis\adapters">
      <UniqueIdentifier>{53e05ace-18d5-4ded-98e4-76bc809e6eec}</UniqueIdentifier>
    </Filter>
    <Filter Include="deps\hiredis\examples">
      <UniqueIdentifier>{31237bf9-8292-4835-8eed-2b61475a076a}</UniqueIdentifier>
    </Filter>
  </ItemGroup>
  <ItemGroup>
    <ClCompile Include="src\adlist.c">
      <Filter>src</Filter>
    </ClCompile>
    <ClCompile Include="src\ae.c">
      <Filter>src</Filter>
    </ClCompile>
    <ClCompile Include="src\ae_epoll.c">
      <Filter>src</Filter>
    </ClCompile>
    <ClCompile Include="src\ae_evport.c">
      <Filter>src</Filter>
    </ClCompile>
    <ClCompile Include="src\ae_kqueue.c">
      <Filter>src</Filter>
    </ClCompile>
    <ClCompile Include="src\ae_select.c">
      <Filter>src</Filter>
    </ClCompile>
    <ClCompile Include="src\anet.c">
      <Filter>src</Filter>
    </ClCompile>
    <ClCompile Include="src\aof.c">
      <Filter>src</Filter>
    </ClCompile>
    <ClCompile Include="src\bio.c">
      <Filter>src</Filter>
    </ClCompile>
    <ClCompile Include="src\bitops.c">
      <Filter>src</Filter>
    </ClCompile>
    <ClCompile Include="src\blocked.c">
      <Filter>src</Filter>
    </ClCompile>
    <ClCompile Include="src\childinfo.c">
      <Filter>src</Filter>
    </ClCompile>
    <ClCompile Include="src\cluster.c">
      <Filter>src</Filter>
    </ClCompile>
    <ClCompile Include="src\config.c">
      <Filter>src</Filter>
    </ClCompile>
    <ClCompile Include="src\crc16.c">
      <Filter>src</Filter>
    </ClCompile>
    <ClCompile Include="src\crc64.c">
      <Filter>src</Filter>
    </ClCompile>
    <ClCompile Include="src\db.c">
      <Filter>src</Filter>
    </ClCompile>
    <ClCompile Include="src\debug.c">
      <Filter>src</Filter>
    </ClCompile>
    <ClCompile Include="src\defrag.c">
      <Filter>src</Filter>
    </ClCompile>
    <ClCompile Include="src\dict.c">
      <Filter>src</Filter>
    </ClCompile>
    <ClCompile Include="src\endianconv.c">
      <Filter>src</Filter>
    </ClCompile>
    <ClCompile Include="src\evict.c">
      <Filter>src</Filter>
    </ClCompile>
    <ClCompile Include="src\expire.c">
      <Filter>src</Filter>
    </ClCompile>
    <ClCompile Include="src\geo.c">
      <Filter>src</Filter>
    </ClCompile>
    <ClCompile Include="src\geohash.c">
      <Filter>src</Filter>
    </ClCompile>
    <ClCompile Include="src\geohash_helper.c">
      <Filter>src</Filter>
    </ClCompile>
    <ClCompile Include="src\hyperloglog.c">
      <Filter>src</Filter>
    </ClCompile>
    <ClCompile Include="src\intset.c">
      <Filter>src</Filter>
    </ClCompile>
    <ClCompile Include="src\latency.c">
      <Filter>src</Filter>
    </ClCompile>
    <ClCompile Include="src\lazyfree.c">
      <Filter>src</Filter>
    </ClCompile>
    <ClCompile Include="src\listpack.c">
      <Filter>src</Filter>
    </ClCompile>
    <ClCompile Include="src\localtime.c">
      <Filter>src</Filter>
    </ClCompile>
    <ClCompile Include="src\lolwut.c">
      <Filter>src</Filter>
    </ClCompile>
    <ClCompile Include="src\lolwut5.c">
      <Filter>src</Filter>
    </ClCompile>
    <ClCompile Include="src\lzf_c.c">
      <Filter>src</Filter>
    </ClCompile>
    <ClCompile Include="src\lzf_d.c">
      <Filter>src</Filter>
    </ClCompile>
    <ClCompile Include="src\memtest.c">
      <Filter>src</Filter>
    </ClCompile>
    <ClCompile Include="src\module.c">
      <Filter>src</Filter>
    </ClCompile>
    <ClCompile Include="src\multi.c">
      <Filter>src</Filter>
    </ClCompile>
    <ClCompile Include="src\networking.c">
      <Filter>src</Filter>
    </ClCompile>
    <ClCompile Include="src\notify.c">
      <Filter>src</Filter>
    </ClCompile>
    <ClCompile Include="src\object.c">
      <Filter>src</Filter>
    </ClCompile>
    <ClCompile Include="src\pqsort.c">
      <Filter>src</Filter>
    </ClCompile>
    <ClCompile Include="src\pubsub.c">
      <Filter>src</Filter>
    </ClCompile>
    <ClCompile Include="src\quicklist.c">
      <Filter>src</Filter>
    </ClCompile>
    <ClCompile Include="src\rand.c">
      <Filter>src</Filter>
    </ClCompile>
    <ClCompile Include="src\rax.c">
      <Filter>src</Filter>
    </ClCompile>
    <ClCompile Include="src\rdb.c">
      <Filter>src</Filter>
    </ClCompile>
    <ClCompile Include="src\redis-benchmark.c">
      <Filter>src</Filter>
    </ClCompile>
    <ClCompile Include="src\redis-check-aof.c">
      <Filter>src</Filter>
    </ClCompile>
    <ClCompile Include="src\redis-check-rdb.c">
      <Filter>src</Filter>
    </ClCompile>
    <ClCompile Include="src\redis-cli.c">
      <Filter>src</Filter>
    </ClCompile>
    <ClCompile Include="src\release.c">
      <Filter>src</Filter>
    </ClCompile>
    <ClCompile Include="src\replication.c">
      <Filter>src</Filter>
    </ClCompile>
    <ClCompile Include="src\rio.c">
      <Filter>src</Filter>
    </ClCompile>
    <ClCompile Include="src\scripting.c">
      <Filter>src</Filter>
    </ClCompile>
    <ClCompile Include="src\sds.c">
      <Filter>src</Filter>
    </ClCompile>
    <ClCompile Include="src\sentinel.c">
      <Filter>src</Filter>
    </ClCompile>
    <ClCompile Include="src\server.c">
      <Filter>src</Filter>
    </ClCompile>
    <ClCompile Include="src\setproctitle.c">
      <Filter>src</Filter>
    </ClCompile>
    <ClCompile Include="src\sha1.c">
      <Filter>src</Filter>
    </ClCompile>
    <ClCompile Include="src\siphash.c">
      <Filter>src</Filter>
    </ClCompile>
    <ClCompile Include="src\slowlog.c">
      <Filter>src</Filter>
    </ClCompile>
    <ClCompile Include="src\sort.c">
      <Filter>src</Filter>
    </ClCompile>
    <ClCompile Include="src\sparkline.c">
      <Filter>src</Filter>
    </ClCompile>
    <ClCompile Include="src\syncio.c">
      <Filter>src</Filter>
    </ClCompile>
    <ClCompile Include="src\t_hash.c">
      <Filter>src</Filter>
    </ClCompile>
    <ClCompile Include="src\t_list.c">
      <Filter>src</Filter>
    </ClCompile>
    <ClCompile Include="src\t_set.c">
      <Filter>src</Filter>
    </ClCompile>
    <ClCompile Include="src\t_stream.c">
      <Filter>src</Filter>
    </ClCompile>
    <ClCompile Include="src\t_string.c">
      <Filter>src</Filter>
    </ClCompile>
    <ClCompile Include="src\t_zset.c">
      <Filter>src</Filter>
    </ClCompile>
    <ClCompile Include="src\util.c">
      <Filter>src</Filter>
    </ClCompile>
    <ClCompile Include="src\ziplist.c">
      <Filter>src</Filter>
    </ClCompile>
    <ClCompile Include="src\zipmap.c">
      <Filter>src</Filter>
    </ClCompile>
    <ClCompile Include="src\zmalloc.c">
      <Filter>src</Filter>
    </ClCompile>
    <ClCompile Include="deps\hiredis\async.c">
      <Filter>deps\hiredis</Filter>
    </ClCompile>
    <ClCompile Include="deps\hiredis\dict.c">
      <Filter>deps\hiredis</Filter>
    </ClCompile>
    <ClCompile Include="deps\hiredis\hiredis.c">
      <Filter>deps\hiredis</Filter>
    </ClCompile>
    <ClCompile Include="deps\hiredis\net.c">
      <Filter>deps\hiredis</Filter>
    </ClCompile>
    <ClCompile Include="deps\hiredis\read.c">
      <Filter>deps\hiredis</Filter>
    </ClCompile>
    <ClCompile Include="deps\hiredis\sds.c">
      <Filter>deps\hiredis</Filter>
    </ClCompile>
    <ClCompile Include="deps\hiredis\test.c">
      <Filter>deps\hiredis</Filter>
    </ClCompile>
    <ClCompile Include="deps\hiredis\examples\example-ae.c">
      <Filter>deps\hiredis\examples</Filter>
    </ClCompile>
  </ItemGroup>
  <ItemGroup>
    <ClInclude Include="src\adlist.h">
      <Filter>src</Filter>
    </ClInclude>
    <ClInclude Include="src\ae.h">
      <Filter>src</Filter>
    </ClInclude>
    <ClInclude Include="src\anet.h">
      <Filter>src</Filter>
    </ClInclude>
    <ClInclude Include="src\asciilogo.h">
      <Filter>src</Filter>
    </ClInclude>
    <ClInclude Include="src\atomicvar.h">
      <Filter>src</Filter>
    </ClInclude>
    <ClInclude Include="src\bio.h">
      <Filter>src</Filter>
    </ClInclude>
    <ClInclude Include="src\cluster.h">
      <Filter>src</Filter>
    </ClInclude>
    <ClInclude Include="src\config.h">
      <Filter>src</Filter>
    </ClInclude>
    <ClInclude Include="src\crc64.h">
      <Filter>src</Filter>
    </ClInclude>
    <ClInclude Include="src\debugmacro.h">
      <Filter>src</Filter>
    </ClInclude>
    <ClInclude Include="src\dict.h">
      <Filter>src</Filter>
    </ClInclude>
    <ClInclude Include="src\endianconv.h">
      <Filter>src</Filter>
    </ClInclude>
    <ClInclude Include="src\fmacros.h">
      <Filter>src</Filter>
    </ClInclude>
    <ClInclude Include="src\geo.h">
      <Filter>src</Filter>
    </ClInclude>
    <ClInclude Include="src\geohash.h">
      <Filter>src</Filter>
    </ClInclude>
    <ClInclude Include="src\geohash_helper.h">
      <Filter>src</Filter>
    </ClInclude>
    <ClInclude Include="src\help.h">
      <Filter>src</Filter>
    </ClInclude>
    <ClInclude Include="src\intset.h">
      <Filter>src</Filter>
    </ClInclude>
    <ClInclude Include="src\latency.h">
      <Filter>src</Filter>
    </ClInclude>
    <ClInclude Include="src\listpack.h">
      <Filter>src</Filter>
    </ClInclude>
    <ClInclude Include="src\listpack_malloc.h">
      <Filter>src</Filter>
    </ClInclude>
    <ClInclude Include="src\lzf.h">
      <Filter>src</Filter>
    </ClInclude>
    <ClInclude Include="src\lzfP.h">
      <Filter>src</Filter>
    </ClInclude>
    <ClInclude Include="src\pqsort.h">
      <Filter>src</Filter>
    </ClInclude>
    <ClInclude Include="src\quicklist.h">
      <Filter>src</Filter>
    </ClInclude>
    <ClInclude Include="src\rand.h">
      <Filter>src</Filter>
    </ClInclude>
    <ClInclude Include="src\rax.h">
      <Filter>src</Filter>
    </ClInclude>
    <ClInclude Include="src\rax_malloc.h">
      <Filter>src</Filter>
    </ClInclude>
    <ClInclude Include="src\rdb.h">
      <Filter>src</Filter>
    </ClInclude>
    <ClInclude Include="src\redisassert.h">
      <Filter>src</Filter>
    </ClInclude>
    <ClInclude Include="src\redismodule.h">
      <Filter>src</Filter>
    </ClInclude>
    <ClInclude Include="src\rio.h">
      <Filter>src</Filter>
    </ClInclude>
    <ClInclude Include="src\sds.h">
      <Filter>src</Filter>
    </ClInclude>
    <ClInclude Include="src\sdsalloc.h">
      <Filter>src</Filter>
    </ClInclude>
    <ClInclude Include="src\server.h">
      <Filter>src</Filter>
    </ClInclude>
    <ClInclude Include="src\sha1.h">
      <Filter>src</Filter>
    </ClInclude>
    <ClInclude Include="src\slowlog.h">
      <Filter>src</Filter>
    </ClInclude>
    <ClInclude Include="src\solarisfixes.h">
      <Filter>src</Filter>
    </ClInclude>
    <ClInclude Include="src\sparkline.h">
      <Filter>src</Filter>
    </ClInclude>
    <ClInclude Include="src\stream.h">
      <Filter>src</Filter>
    </ClInclude>
    <ClInclude Include="src\testhelp.h">
      <Filter>src</Filter>
    </ClInclude>
    <ClInclude Include="src\util.h">
      <Filter>src</Filter>
    </ClInclude>
    <ClInclude Include="src\version.h">
      <Filter>src</Filter>
    </ClInclude>
    <ClInclude Include="src\ziplist.h">
      <Filter>src</Filter>
    </ClInclude>
    <ClInclude Include="src\zipmap.h">
      <Filter>src</Filter>
    </ClInclude>
    <ClInclude Include="src\zmalloc.h">
      <Filter>src</Filter>
    </ClInclude>
    <ClInclude Include="deps\hiredis\async.h">
      <Filter>deps\hiredis</Filter>
    </ClInclude>
    <ClInclude Include="deps\hiredis\dict.h">
      <Filter>deps\hiredis</Filter>
    </ClInclude>
    <ClInclude Include="deps\hiredis\fmacros.h">
      <Filter>deps\hiredis</Filter>
    </ClInclude>
    <ClInclude Include="deps\hiredis\hiredis.h">
      <Filter>deps\hiredis</Filter>
    </ClInclude>
    <ClInclude Include="deps\hiredis\net.h">
      <Filter>deps\hiredis</Filter>
    </ClInclude>
    <ClInclude Include="deps\hiredis\read.h">
      <Filter>deps\hiredis</Filter>
    </ClInclude>
    <ClInclude Include="deps\hiredis\sds.h">
      <Filter>deps\hiredis</Filter>
    </ClInclude>
    <ClInclude Include="deps\hiredis\sdsalloc.h">
      <Filter>deps\hiredis</Filter>
    </ClInclude>
    <ClInclude Include="deps\hiredis\win32.h">
      <Filter>deps\hiredis</Filter>
    </ClInclude>
    <ClInclude Include="deps\hiredis\adapters\ae.h">
      <Filter>deps\hiredis\adapters</Filter>
    </ClInclude>
  </ItemGroup>
  <ItemGroup>
    <None Include="src\Makefile">
      <Filter>src</Filter>
    </None>
    <None Include="src\mkreleasehdr.sh">
      <Filter>src</Filter>
    </None>
    <None Include="src\redis-trib.rb">
      <Filter>src</Filter>
    </None>
    <None Include="src\valgrind.sup">
      <Filter>src</Filter>
    </None>
    <None Include="deps\hiredis\Makefile">
      <Filter>deps\hiredis</Filter>
    </None>
  </ItemGroup>
</Project>