<?xml version="1.0" encoding="utf-8"?>
<Project ToolsVersion="4.0" xmlns="http://schemas.microsoft.com/developer/msbuild/2003">
  <ItemGroup>
    <Filter Include="src">
      <UniqueIdentifier>{c73e7286-7a04-4e93-9c06-8c4bfcf3fdc5}</UniqueIdentifier>
    </Filter>
  </ItemGroup>
  <ItemGroup>
    <ClCompile Include="src\adlist.c">
      <Filter>src</Filter>
    </ClCompile>
    <ClCompile Include="src\ae.c">
      <Filter>src</Filter>
    </ClCompile>
    <ClCompile Include="src\ae_epoll.c">
      <Filter>src</Filter>
    </ClCompile>
    <ClCompile Include="src\ae_evport.c">
      <Filter>src</Filter>
    </ClCompile>
    <ClCompile Include="src\ae_kqueue.c">
      <Filter>src</Filter>
    </ClCompile>
    <ClCompile Include="src\ae_select.c">
      <Filter>src</Filter>
    </ClCompile>
    <ClCompile Include="src\anet.c">
      <Filter>src</Filter>
    </ClCompile>
    <ClCompile Include="src\aof.c">
      <Filter>src</Filter>
    </ClCompile>
    <ClCompile Include="src\bio.c">
      <Filter>src</Filter>
    </ClCompile>
    <ClCompile Include="src\bitops.c">
      <Filter>src</Filter>
    </ClCompile>
    <ClCompile Include="src\blocked.c">
      <Filter>src</Filter>
    </ClCompile>
    <ClCompile Include="src\cluster.c">
      <Filter>src</Filter>
    </ClCompile>
    <ClCompile Include="src\config.c">
      <Filter>src</Filter>
    </ClCompile>
    <ClCompile Include="src\crc16.c">
      <Filter>src</Filter>
    </ClCompile>
    <ClCompile Include="src\crc64.c">
      <Filter>src</Filter>
    </ClCompile>
    <ClCompile Include="src\db.c">
      <Filter>src</Filter>
    </ClCompile>
    <ClCompile Include="src\debug.c">
      <Filter>src</Filter>
    </ClCompile>
    <ClCompile Include="src\dict.c">
      <Filter>src</Filter>
    </ClCompile>
    <ClCompile Include="src\endianconv.c">
      <Filter>src</Filter>
    </ClCompile>
    <ClCompile Include="src\hyperloglog.c">
      <Filter>src</Filter>
    </ClCompile>
    <ClCompile Include="src\intset.c">
      <Filter>src</Filter>
    </ClCompile>
    <ClCompile Include="src\latency.c">
      <Filter>src</Filter>
    </ClCompile>
    <ClCompile Include="src\lzf_c.c">
      <Filter>src</Filter>
    </ClCompile>
    <ClCompile Include="src\lzf_d.c">
      <Filter>src</Filter>
    </ClCompile>
    <ClCompile Include="src\memtest.c">
      <Filter>src</Filter>
    </ClCompile>
    <ClCompile Include="src\multi.c">
      <Filter>src</Filter>
    </ClCompile>
    <ClCompile Include="src\networking.c">
      <Filter>src</Filter>
    </ClCompile>
    <ClCompile Include="src\notify.c">
      <Filter>src</Filter>
    </ClCompile>
    <ClCompile Include="src\object.c">
      <Filter>src</Filter>
    </ClCompile>
    <ClCompile Include="src\pqsort.c">
      <Filter>src</Filter>
    </ClCompile>
    <ClCompile Include="src\pubsub.c">
      <Filter>src</Filter>
    </ClCompile>
    <ClCompile Include="src\rand.c">
      <Filter>src</Filter>
    </ClCompile>
    <ClCompile Include="src\rdb.c">
      <Filter>src</Filter>
    </ClCompile>
    <ClCompile Include="src\redis.c">
      <Filter>src</Filter>
    </ClCompile>
    <ClCompile Include="src\redis-benchmark.c">
      <Filter>src</Filter>
    </ClCompile>
    <ClCompile Include="src\redis-check-aof.c">
      <Filter>src</Filter>
    </ClCompile>
    <ClCompile Include="src\redis-check-dump.c">
      <Filter>src</Filter>
    </ClCompile>
    <ClCompile Include="src\redis-cli.c">
      <Filter>src</Filter>
    </ClCompile>
    <ClCompile Include="src\release.c">
      <Filter>src</Filter>
    </ClCompile>
    <ClCompile Include="src\replication.c">
      <Filter>src</Filter>
    </ClCompile>
    <ClCompile Include="src\rio.c">
      <Filter>src</Filter>
    </ClCompile>
    <ClCompile Include="src\scripting.c">
      <Filter>src</Filter>
    </ClCompile>
    <ClCompile Include="src\sds.c">
      <Filter>src</Filter>
    </ClCompile>
    <ClCompile Include="src\sentinel.c">
      <Filter>src</Filter>
    </ClCompile>
    <ClCompile Include="src\setproctitle.c">
      <Filter>src</Filter>
    </ClCompile>
    <ClCompile Include="src\sha1.c">
      <Filter>src</Filter>
    </ClCompile>
    <ClCompile Include="src\slowlog.c">
      <Filter>src</Filter>
    </ClCompile>
    <ClCompile Include="src\sort.c">
      <Filter>src</Filter>
    </ClCompile>
    <ClCompile Include="src\sparkline.c">
      <Filter>src</Filter>
    </ClCompile>
    <ClCompile Include="src\syncio.c">
      <Filter>src</Filter>
    </ClCompile>
    <ClCompile Include="src\t_hash.c">
      <Filter>src</Filter>
    </ClCompile>
    <ClCompile Include="src\t_list.c">
      <Filter>src</Filter>
    </ClCompile>
    <ClCompile Include="src\t_set.c">
      <Filter>src</Filter>
    </ClCompile>
    <ClCompile Include="src\t_string.c">
      <Filter>src</Filter>
    </ClCompile>
    <ClCompile Include="src\t_zset.c">
      <Filter>src</Filter>
    </ClCompile>
    <ClCompile Include="src\util.c">
      <Filter>src</Filter>
    </ClCompile>
    <ClCompile Include="src\ziplist.c">
      <Filter>src</Filter>
    </ClCompile>
    <ClCompile Include="src\zipmap.c">
      <Filter>src</Filter>
    </ClCompile>
    <ClCompile Include="src\zmalloc.c">
      <Filter>src</Filter>
    </ClCompile>
  </ItemGroup>
  <ItemGroup>
    <ClInclude Include="src\adlist.h">
      <Filter>src</Filter>
    </ClInclude>
    <ClInclude Include="src\ae.h">
      <Filter>src</Filter>
    </ClInclude>
    <ClInclude Include="src\anet.h">
      <Filter>src</Filter>
    </ClInclude>
    <ClInclude Include="src\asciilogo.h">
      <Filter>src</Filter>
    </ClInclude>
    <ClInclude Include="src\bio.h">
      <Filter>src</Filter>
    </ClInclude>
    <ClInclude Include="src\cluster.h">
      <Filter>src</Filter>
    </ClInclude>
    <ClInclude Include="src\config.h">
      <Filter>src</Filter>
    </ClInclude>
    <ClInclude Include="src\crc64.h">
      <Filter>src</Filter>
    </ClInclude>
    <ClInclude Include="src\dict.h">
      <Filter>src</Filter>
    </ClInclude>
    <ClInclude Include="src\endianconv.h">
      <Filter>src</Filter>
    </ClInclude>
    <ClInclude Include="src\fmacros.h">
      <Filter>src</Filter>
    </ClInclude>
    <ClInclude Include="src\help.h">
      <Filter>src</Filter>
    </ClInclude>
    <ClInclude Include="src\intset.h">
      <Filter>src</Filter>
    </ClInclude>
    <ClInclude Include="src\latency.h">
      <Filter>src</Filter>
    </ClInclude>
    <ClInclude Include="src\lzf.h">
      <Filter>src</Filter>
    </ClInclude>
    <ClInclude Include="src\lzfP.h">
      <Filter>src</Filter>
    </ClInclude>
    <ClInclude Include="src\pqsort.h">
      <Filter>src</Filter>
    </ClInclude>
    <ClInclude Include="src\rand.h">
      <Filter>src</Filter>
    </ClInclude>
    <ClInclude Include="src\rdb.h">
      <Filter>src</Filter>
    </ClInclude>
    <ClInclude Include="src\redis.h">
      <Filter>src</Filter>
    </ClInclude>
    <ClInclude Include="src\redisassert.h">
      <Filter>src</Filter>
    </ClInclude>
    <ClInclude Include="src\rio.h">
      <Filter>src</Filter>
    </ClInclude>
    <ClInclude Include="src\sds.h">
      <Filter>src</Filter>
    </ClInclude>
    <ClInclude Include="src\sha1.h">
      <Filter>src</Filter>
    </ClInclude>
    <ClInclude Include="src\slowlog.h">
      <Filter>src</Filter>
    </ClInclude>
    <ClInclude Include="src\solarisfixes.h">
      <Filter>src</Filter>
    </ClInclude>
    <ClInclude Include="src\sparkline.h">
      <Filter>src</Filter>
    </ClInclude>
    <ClInclude Include="src\testhelp.h">
      <Filter>src</Filter>
    </ClInclude>
    <ClInclude Include="src\util.h">
      <Filter>src</Filter>
    </ClInclude>
    <ClInclude Include="src\version.h">
      <Filter>src</Filter>
    </ClInclude>
    <ClInclude Include="src\ziplist.h">
      <Filter>src</Filter>
    </ClInclude>
    <ClInclude Include="src\zipmap.h">
      <Filter>src</Filter>
    </ClInclude>
    <ClInclude Include="src\zmalloc.h">
      <Filter>src</Filter>
    </ClInclude>
  </ItemGroup>
  <ItemGroup>
    <None Include="src\Makefile">
      <Filter>src</Filter>
    </None>
    <None Include="src\Makefile.dep">
      <Filter>src</Filter>
    </None>
    <None Include="src\mkreleasehdr.sh">
      <Filter>src</Filter>
    </None>
    <None Include="src\redis-trib.rb">
      <Filter>src</Filter>
    </None>
    <None Include="src\valgrind.sup">
      <Filter>src</Filter>
    </None>
  </ItemGroup>
</Project>